
Microsoft Visual Studio Solution File, Format Version 12.00
# Visual Studio Version 17
VisualStudioVersion = 17.14.36414.22
MinimumVisualStudioVersion = 10.0.40219.1
Project("{FAE04EC0-301F-11D3-BF4B-00C04F79EFBC}") = "AngelAPI", "AngelAPI\AngelAPI.csproj", "{600149FD-017B-C616-2B9D-78B5DDD65DD5}"
EndProject
Project("{FAE04EC0-301F-11D3-BF4B-00C04F79EFBC}") = "Core", "Core\Core.csproj", "{600159FD-017B-C616-2B9D-78B5DDD65DD5}"
EndProject
Project("{FAE04EC0-301F-11D3-BF4B-00C04F79EFBC}") = "Domain", "Domain\Domain.csproj", "{A4148E8A-097D-4856-8622-992E116CED48}"
EndProject
Global
	GlobalSection(SolutionConfigurationPlatforms) = preSolution
		Debug|Any CPU = Debug|Any CPU
		Release|Any CPU = Release|Any CPU
	EndGlobalSection
	GlobalSection(ProjectConfigurationPlatforms) = postSolution
		{600149FD-017B-C616-2B9D-78B5DDD65DD5}.Debug|Any CPU.ActiveCfg = Debug|Any CPU
		{600149FD-017B-C616-2B9D-78B5DDD65DD5}.Debug|Any CPU.Build.0 = Debug|Any CPU
		{600149FD-017B-C616-2B9D-78B5DDD65DD5}.Release|Any CPU.ActiveCfg = Release|Any CPU
		{600149FD-017B-C616-2B9D-78B5DDD65DD5}.Release|Any CPU.Build.0 = Release|Any CPU
		{600159FD-017B-C616-2B9D-78B5DDD65DD5}.Debug|Any CPU.ActiveCfg = Debug|Any CPU
		{600159FD-017B-C616-2B9D-78B5DDD65DD5}.Debug|Any CPU.Build.0 = Debug|Any CPU
		{600159FD-017B-C616-2B9D-78B5DDD65DD5}.Release|Any CPU.ActiveCfg = Release|Any CPU
		{600159FD-017B-C616-2B9D-78B5DDD65DD5}.Release|Any CPU.Build.0 = Release|Any CPU
		{A4148E8A-097D-4856-8622-992E116CED48}.Debug|Any CPU.ActiveCfg = Debug|Any CPU
		{A4148E8A-097D-4856-8622-992E116CED48}.Debug|Any CPU.Build.0 = Debug|Any CPU
		{A4148E8A-097D-4856-8622-992E116CED48}.Release|Any CPU.ActiveCfg = Release|Any CPU
		{A4148E8A-097D-4856-8622-992E116CED48}.Release|Any CPU.Build.0 = Release|Any CPU
	EndGlobalSection
	GlobalSection(SolutionProperties) = preSolution
		HideSolutionNode = FALSE
	EndGlobalSection
	GlobalSection(ExtensibilityGlobals) = postSolution
		SolutionGuid = {DA791F64-8D1D-4398-A697-6DAE2231AE2F}
	EndGlobalSection
EndGlobal
